
Microsoft Visual Studio Solution File, Format Version 12.00
# Visual Studio Version 16
VisualStudioVersion = 16.0.29728.190
MinimumVisualStudioVersion = 10.0.40219.1
Project("{FAE04EC0-301F-11D3-BF4B-00C04F79EFBC}") = "online shop", "online shop\online shop.csproj", "{572B00E5-07E4-45B7-A00B-9C0890644C83}"
EndProject
Global
	GlobalSection(SolutionConfigurationPlatforms) = preSolution
		Debug|Any CPU = Debug|Any CPU
		Release|Any CPU = Release|Any CPU
	EndGlobalSection
	GlobalSection(ProjectConfigurationPlatforms) = postSolution
		{572B00E5-07E4-45B7-A00B-9C0890644C83}.Debug|Any CPU.ActiveCfg = Debug|Any CPU
		{572B00E5-07E4-45B7-A00B-9C0890644C83}.Debug|Any CPU.Build.0 = Debug|Any CPU
		{572B00E5-07E4-45B7-A00B-9C0890644C83}.Release|Any CPU.ActiveCfg = Release|Any CPU
		{572B00E5-07E4-45B7-A00B-9C0890644C83}.Release|Any CPU.Build.0 = Release|Any CPU
	EndGlobalSection
	GlobalSection(SolutionProperties) = preSolution
		HideSolutionNode = FALSE
	EndGlobalSection
	GlobalSection(ExtensibilityGlobals) = postSolution
		SolutionGuid = {A82D9D9D-B116-40F1-816C-5B8AA4F49FBD}
	EndGlobalSection
EndGlobal
